
Microsoft Visual Studio Solution File, Format Version 12.00
# Visual Studio Version 16
VisualStudioVersion = 16.0.30011.22
MinimumVisualStudioVersion = 10.0.40219.1
Project("{2150E333-8FDC-42A3-9474-1A3956D46DE8}") = "src", "src", "{14708E6C-8349-46DC-92B7-62304368BD16}"
EndProject
Project("{2150E333-8FDC-42A3-9474-1A3956D46DE8}") = "Building Blocks", "Building Blocks", "{9E634CBE-46FA-4721-84B9-697FEBD8421C}"
EndProject
Project("{2150E333-8FDC-42A3-9474-1A3956D46DE8}") = "Services", "Services", "{CC1D7BED-32EF-4149-8BB4-1C97AA5D4AB7}"
EndProject
Project("{2150E333-8FDC-42A3-9474-1A3956D46DE8}") = "Web", "Web", "{4937E852-6649-4EA7-AF79-792D50031AFE}"
EndProject
Project("{2150E333-8FDC-42A3-9474-1A3956D46DE8}") = "Identidade", "Identidade", "{445E2E7E-7E66-455D-AEAF-1224526B29A5}"
EndProject
Project("{9A19103F-16F7-4668-BE54-9A1E7A4F7556}") = "NSE.Identidade.API", "src\services\NSE.Identidade.API\NSE.Identidade.API.csproj", "{50633D99-0697-4ECD-9DBE-C3CE38EECC0D}"
EndProject
Project("{2150E333-8FDC-42A3-9474-1A3956D46DE8}") = "MVC", "MVC", "{B5CE1D32-A02B-46BB-9154-0B664868BB5D}"
EndProject
Project("{9A19103F-16F7-4668-BE54-9A1E7A4F7556}") = "NSE.WebApp.MVC", "src\web\NSE.WebApp.MVC\NSE.WebApp.MVC.csproj", "{B2A6005C-8050-4DCC-BC68-4BFAD9750DE0}"
EndProject
Project("{2150E333-8FDC-42A3-9474-1A3956D46DE8}") = "Core", "Core", "{7E9DB20A-6C4E-4753-87DA-EA775A65B2BE}"
EndProject
Project("{9A19103F-16F7-4668-BE54-9A1E7A4F7556}") = "NSE.Core", "src\building_blocks\NSE.Core\NSE.Core.csproj", "{11AC81C9-047C-405A-97B6-218904B98457}"
EndProject
Project("{2150E333-8FDC-42A3-9474-1A3956D46DE8}") = "Carrinho", "Carrinho", "{28E4AF16-A2B7-45DC-A4DF-7605B73290AB}"
EndProject
Project("{2150E333-8FDC-42A3-9474-1A3956D46DE8}") = "Catalogo", "Catalogo", "{12C4D2C8-6580-40BC-B9E8-F53F3069542B}"
EndProject
Project("{2150E333-8FDC-42A3-9474-1A3956D46DE8}") = "Cliente", "Cliente", "{DBECC4B7-1410-4434-BB66-9C81DF6CC846}"
EndProject
Project("{2150E333-8FDC-42A3-9474-1A3956D46DE8}") = "Pagamento", "Pagamento", "{776A761A-898D-446C-AE2D-D12C4DF2B464}"
EndProject
Project("{2150E333-8FDC-42A3-9474-1A3956D46DE8}") = "Pedido", "Pedido", "{0FEF9F46-9CFA-4E77-B848-0F4E4C1E5CC8}"
EndProject
Project("{9A19103F-16F7-4668-BE54-9A1E7A4F7556}") = "NSE.Carrinho.API", "src\services\NSE.Carrinho.API\NSE.Carrinho.API.csproj", "{D910592C-9F5A-48E2-9003-1751CF50B070}"
EndProject
Project("{9A19103F-16F7-4668-BE54-9A1E7A4F7556}") = "NSE.Catalogo.API", "src\services\NSE.Catalogo.API\NSE.Catalogo.API.csproj", "{EC51B604-801C-42CC-885C-AA816B450C0B}"
EndProject
Project("{9A19103F-16F7-4668-BE54-9A1E7A4F7556}") = "NSE.Cliente.API", "src\services\NSE.Cliente.API\NSE.Cliente.API.csproj", "{50227CAC-AA12-408D-9460-53AC991F0186}"
EndProject
Project("{9A19103F-16F7-4668-BE54-9A1E7A4F7556}") = "NSE.Pagamento.API", "src\services\NSE.Pagamento.API\NSE.Pagamento.API.csproj", "{55AEF66E-4B13-4489-8B5A-176B4D47E245}"
EndProject
Project("{9A19103F-16F7-4668-BE54-9A1E7A4F7556}") = "NSE.Pedido.API", "src\services\NSE.Pedido.API\NSE.Pedido.API.csproj", "{B719452D-A57B-4B04-884C-83F74504C7C7}"
EndProject
Project("{2150E333-8FDC-42A3-9474-1A3956D46DE8}") = "Services", "Services", "{10D8181A-93FA-4EB4-BCFD-D8E81CDD310D}"
EndProject
Project("{9A19103F-16F7-4668-BE54-9A1E7A4F7556}") = "NSE.WebAPI.Core", "src\building_blocks\NSE.WebAPI.Core\NSE.WebAPI.Core.csproj", "{3FA1DF6E-E62F-484F-A473-5C8AD6731B58}"
EndProject
Project("{2150E333-8FDC-42A3-9474-1A3956D46DE8}") = "MessageBus", "MessageBus", "{5EFF7E85-2D54-42FF-A1D1-312C4D991582}"
EndProject
Project("{FAE04EC0-301F-11D3-BF4B-00C04F79EFBC}") = "NSE.MessageBus", "src\building_blocks\NSE.MessageBus\NSE.MessageBus.csproj", "{1B36D243-02D5-440F-83E9-5ADE087D4E9B}"
EndProject
Global
	GlobalSection(SolutionConfigurationPlatforms) = preSolution
		Debug|Any CPU = Debug|Any CPU
		Release|Any CPU = Release|Any CPU
	EndGlobalSection
	GlobalSection(ProjectConfigurationPlatforms) = postSolution
		{50633D99-0697-4ECD-9DBE-C3CE38EECC0D}.Debug|Any CPU.ActiveCfg = Debug|Any CPU
		{50633D99-0697-4ECD-9DBE-C3CE38EECC0D}.Debug|Any CPU.Build.0 = Debug|Any CPU
		{50633D99-0697-4ECD-9DBE-C3CE38EECC0D}.Release|Any CPU.ActiveCfg = Release|Any CPU
		{50633D99-0697-4ECD-9DBE-C3CE38EECC0D}.Release|Any CPU.Build.0 = Release|Any CPU
		{B2A6005C-8050-4DCC-BC68-4BFAD9750DE0}.Debug|Any CPU.ActiveCfg = Debug|Any CPU
		{B2A6005C-8050-4DCC-BC68-4BFAD9750DE0}.Debug|Any CPU.Build.0 = Debug|Any CPU
		{B2A6005C-8050-4DCC-BC68-4BFAD9750DE0}.Release|Any CPU.ActiveCfg = Release|Any CPU
		{B2A6005C-8050-4DCC-BC68-4BFAD9750DE0}.Release|Any CPU.Build.0 = Release|Any CPU
		{11AC81C9-047C-405A-97B6-218904B98457}.Debug|Any CPU.ActiveCfg = Debug|Any CPU
		{11AC81C9-047C-405A-97B6-218904B98457}.Debug|Any CPU.Build.0 = Debug|Any CPU
		{11AC81C9-047C-405A-97B6-218904B98457}.Release|Any CPU.ActiveCfg = Release|Any CPU
		{11AC81C9-047C-405A-97B6-218904B98457}.Release|Any CPU.Build.0 = Release|Any CPU
		{D910592C-9F5A-48E2-9003-1751CF50B070}.Debug|Any CPU.ActiveCfg = Debug|Any CPU
		{D910592C-9F5A-48E2-9003-1751CF50B070}.Debug|Any CPU.Build.0 = Debug|Any CPU
		{D910592C-9F5A-48E2-9003-1751CF50B070}.Release|Any CPU.ActiveCfg = Release|Any CPU
		{D910592C-9F5A-48E2-9003-1751CF50B070}.Release|Any CPU.Build.0 = Release|Any CPU
		{EC51B604-801C-42CC-885C-AA816B450C0B}.Debug|Any CPU.ActiveCfg = Debug|Any CPU
		{EC51B604-801C-42CC-885C-AA816B450C0B}.Debug|Any CPU.Build.0 = Debug|Any CPU
		{EC51B604-801C-42CC-885C-AA816B450C0B}.Release|Any CPU.ActiveCfg = Release|Any CPU
		{EC51B604-801C-42CC-885C-AA816B450C0B}.Release|Any CPU.Build.0 = Release|Any CPU
		{50227CAC-AA12-408D-9460-53AC991F0186}.Debug|Any CPU.ActiveCfg = Debug|Any CPU
		{50227CAC-AA12-408D-9460-53AC991F0186}.Debug|Any CPU.Build.0 = Debug|Any CPU
		{50227CAC-AA12-408D-9460-53AC991F0186}.Release|Any CPU.ActiveCfg = Release|Any CPU
		{50227CAC-AA12-408D-9460-53AC991F0186}.Release|Any CPU.Build.0 = Release|Any CPU
		{55AEF66E-4B13-4489-8B5A-176B4D47E245}.Debug|Any CPU.ActiveCfg = Debug|Any CPU
		{55AEF66E-4B13-4489-8B5A-176B4D47E245}.Debug|Any CPU.Build.0 = Debug|Any CPU
		{55AEF66E-4B13-4489-8B5A-176B4D47E245}.Release|Any CPU.ActiveCfg = Release|Any CPU
		{55AEF66E-4B13-4489-8B5A-176B4D47E245}.Release|Any CPU.Build.0 = Release|Any CPU
		{B719452D-A57B-4B04-884C-83F74504C7C7}.Debug|Any CPU.ActiveCfg = Debug|Any CPU
		{B719452D-A57B-4B04-884C-83F74504C7C7}.Debug|Any CPU.Build.0 = Debug|Any CPU
		{B719452D-A57B-4B04-884C-83F74504C7C7}.Release|Any CPU.ActiveCfg = Release|Any CPU
		{B719452D-A57B-4B04-884C-83F74504C7C7}.Release|Any CPU.Build.0 = Release|Any CPU
		{3FA1DF6E-E62F-484F-A473-5C8AD6731B58}.Debug|Any CPU.ActiveCfg = Debug|Any CPU
		{3FA1DF6E-E62F-484F-A473-5C8AD6731B58}.Debug|Any CPU.Build.0 = Debug|Any CPU
		{3FA1DF6E-E62F-484F-A473-5C8AD6731B58}.Release|Any CPU.ActiveCfg = Release|Any CPU
		{3FA1DF6E-E62F-484F-A473-5C8AD6731B58}.Release|Any CPU.Build.0 = Release|Any CPU
		{1B36D243-02D5-440F-83E9-5ADE087D4E9B}.Debug|Any CPU.ActiveCfg = Debug|Any CPU
		{1B36D243-02D5-440F-83E9-5ADE087D4E9B}.Debug|Any CPU.Build.0 = Debug|Any CPU
		{1B36D243-02D5-440F-83E9-5ADE087D4E9B}.Release|Any CPU.ActiveCfg = Release|Any CPU
		{1B36D243-02D5-440F-83E9-5ADE087D4E9B}.Release|Any CPU.Build.0 = Release|Any CPU
	EndGlobalSection
	GlobalSection(SolutionProperties) = preSolution
		HideSolutionNode = FALSE
	EndGlobalSection
	GlobalSection(NestedProjects) = preSolution
		{9E634CBE-46FA-4721-84B9-697FEBD8421C} = {14708E6C-8349-46DC-92B7-62304368BD16}
		{CC1D7BED-32EF-4149-8BB4-1C97AA5D4AB7} = {14708E6C-8349-46DC-92B7-62304368BD16}
		{4937E852-6649-4EA7-AF79-792D50031AFE} = {14708E6C-8349-46DC-92B7-62304368BD16}
		{445E2E7E-7E66-455D-AEAF-1224526B29A5} = {CC1D7BED-32EF-4149-8BB4-1C97AA5D4AB7}
		{50633D99-0697-4ECD-9DBE-C3CE38EECC0D} = {445E2E7E-7E66-455D-AEAF-1224526B29A5}
		{B5CE1D32-A02B-46BB-9154-0B664868BB5D} = {4937E852-6649-4EA7-AF79-792D50031AFE}
		{B2A6005C-8050-4DCC-BC68-4BFAD9750DE0} = {B5CE1D32-A02B-46BB-9154-0B664868BB5D}
		{7E9DB20A-6C4E-4753-87DA-EA775A65B2BE} = {9E634CBE-46FA-4721-84B9-697FEBD8421C}
		{11AC81C9-047C-405A-97B6-218904B98457} = {7E9DB20A-6C4E-4753-87DA-EA775A65B2BE}
		{28E4AF16-A2B7-45DC-A4DF-7605B73290AB} = {CC1D7BED-32EF-4149-8BB4-1C97AA5D4AB7}
		{12C4D2C8-6580-40BC-B9E8-F53F3069542B} = {CC1D7BED-32EF-4149-8BB4-1C97AA5D4AB7}
		{DBECC4B7-1410-4434-BB66-9C81DF6CC846} = {CC1D7BED-32EF-4149-8BB4-1C97AA5D4AB7}
		{776A761A-898D-446C-AE2D-D12C4DF2B464} = {CC1D7BED-32EF-4149-8BB4-1C97AA5D4AB7}
		{0FEF9F46-9CFA-4E77-B848-0F4E4C1E5CC8} = {CC1D7BED-32EF-4149-8BB4-1C97AA5D4AB7}
		{D910592C-9F5A-48E2-9003-1751CF50B070} = {28E4AF16-A2B7-45DC-A4DF-7605B73290AB}
		{EC51B604-801C-42CC-885C-AA816B450C0B} = {12C4D2C8-6580-40BC-B9E8-F53F3069542B}
		{50227CAC-AA12-408D-9460-53AC991F0186} = {DBECC4B7-1410-4434-BB66-9C81DF6CC846}
		{55AEF66E-4B13-4489-8B5A-176B4D47E245} = {776A761A-898D-446C-AE2D-D12C4DF2B464}
		{B719452D-A57B-4B04-884C-83F74504C7C7} = {0FEF9F46-9CFA-4E77-B848-0F4E4C1E5CC8}
		{10D8181A-93FA-4EB4-BCFD-D8E81CDD310D} = {9E634CBE-46FA-4721-84B9-697FEBD8421C}
		{3FA1DF6E-E62F-484F-A473-5C8AD6731B58} = {10D8181A-93FA-4EB4-BCFD-D8E81CDD310D}
		{5EFF7E85-2D54-42FF-A1D1-312C4D991582} = {9E634CBE-46FA-4721-84B9-697FEBD8421C}
		{1B36D243-02D5-440F-83E9-5ADE087D4E9B} = {5EFF7E85-2D54-42FF-A1D1-312C4D991582}
	EndGlobalSection
	GlobalSection(ExtensibilityGlobals) = postSolution
		SolutionGuid = {EAB1F6DD-B937-4247-A16D-DBAB7A5F4FD3}
	EndGlobalSection
EndGlobal
